
Microsoft Visual Studio Solution File, Format Version 12.00
# Visual Studio Version 17
Project("{FAE04EC0-301F-11D3-BF4B-00C04F79EFBC}") = "DefaultProject", "DefaultProject.csproj", "{21F0674E-0DBE-5B54-F651-CC7AE2BE37B9}"
EndProject
Project("{2150E333-8FDC-42A3-9474-1A3956D46DE8}") = "Epoch", "Epoch", "{7B535C16-E708-D50B-70FD-CEE2DCB1CB0F}"
EndProject
Project("{FAE04EC0-301F-11D3-BF4B-00C04F79EFBC}") = "Epoch-ScriptCore", "C:\Users\isakm\Desktop\Epoch - Standalone\Epoch-ScriptCore\Epoch-ScriptCore.csproj", "{9F2C3E5F-8B25-5DB1-B457-4236A0AF3CBD}"
EndProject
Global
	GlobalSection(SolutionConfigurationPlatforms) = preSolution
		Debug|Any CPU = Debug|Any CPU
		Dist|Any CPU = Dist|Any CPU
		Release|Any CPU = Release|Any CPU
	EndGlobalSection
	GlobalSection(ProjectConfigurationPlatforms) = postSolution
		{21F0674E-0DBE-5B54-F651-CC7AE2BE37B9}.Debug|Any CPU.ActiveCfg = Debug|Any CPU
		{21F0674E-0DBE-5B54-F651-CC7AE2BE37B9}.Debug|Any CPU.Build.0 = Debug|Any CPU
		{21F0674E-0DBE-5B54-F651-CC7AE2BE37B9}.Dist|Any CPU.ActiveCfg = Dist|Any CPU
		{21F0674E-0DBE-5B54-F651-CC7AE2BE37B9}.Dist|Any CPU.Build.0 = Dist|Any CPU
		{21F0674E-0DBE-5B54-F651-CC7AE2BE37B9}.Release|Any CPU.ActiveCfg = Release|Any CPU
		{21F0674E-0DBE-5B54-F651-CC7AE2BE37B9}.Release|Any CPU.Build.0 = Release|Any CPU
		{9F2C3E5F-8B25-5DB1-B457-4236A0AF3CBD}.Debug|Any CPU.ActiveCfg = Debug|Any CPU
		{9F2C3E5F-8B25-5DB1-B457-4236A0AF3CBD}.Debug|Any CPU.Build.0 = Debug|Any CPU
		{9F2C3E5F-8B25-5DB1-B457-4236A0AF3CBD}.Dist|Any CPU.ActiveCfg = Dist|Any CPU
		{9F2C3E5F-8B25-5DB1-B457-4236A0AF3CBD}.Dist|Any CPU.Build.0 = Dist|Any CPU
		{9F2C3E5F-8B25-5DB1-B457-4236A0AF3CBD}.Release|Any CPU.ActiveCfg = Release|Any CPU
		{9F2C3E5F-8B25-5DB1-B457-4236A0AF3CBD}.Release|Any CPU.Build.0 = Release|Any CPU
	EndGlobalSection
	GlobalSection(SolutionProperties) = preSolution
		HideSolutionNode = FALSE
	EndGlobalSection
	GlobalSection(NestedProjects) = preSolution
		{9F2C3E5F-8B25-5DB1-B457-4236A0AF3CBD} = {7B535C16-E708-D50B-70FD-CEE2DCB1CB0F}
	EndGlobalSection
EndGlobal
