<?xml version="1.0" encoding="utf-8"?>
<Project ToolsVersion="4.0" xmlns="http://schemas.microsoft.com/developer/msbuild/2003">
  <ItemGroup>
    <Filter Include="Epoch">
      <UniqueIdentifier>{B4EA1E0D-20FF-46BE-E980-EA1D555443EF}</UniqueIdentifier>
    </Filter>
    <Filter Include="Epoch\Animation">
      <UniqueIdentifier>{A3944F7B-0F20-BD3F-1831-4034843B1940}</UniqueIdentifier>
    </Filter>
    <Filter Include="Epoch\Assets">
      <UniqueIdentifier>{169F2F6C-0202-BF10-AB87-F7C697C98A93}</UniqueIdentifier>
    </Filter>
    <Filter Include="Epoch\Assets\AssetManager">
      <UniqueIdentifier>{6037F449-CCF9-27D4-15AA-B66081AB00B2}</UniqueIdentifier>
    </Filter>
    <Filter Include="Epoch\Assets\AssetSerializer">
      <UniqueIdentifier>{7FBC5889-6B77-4835-142F-C17F00C992C5}</UniqueIdentifier>
    </Filter>
    <Filter Include="Epoch\Core">
      <UniqueIdentifier>{8CDF5A6E-7897-9CBB-E19E-7517CD7537AC}</UniqueIdentifier>
    </Filter>
    <Filter Include="Epoch\Debug">
      <UniqueIdentifier>{2A2CC339-96E1-3B2F-1FD6-35068B8A3233}</UniqueIdentifier>
    </Filter>
    <Filter Include="Epoch\Editor">
      <UniqueIdentifier>{6A956F74-56F8-FE18-FF7D-37CFEBBFCA9B}</UniqueIdentifier>
    </Filter>
    <Filter Include="Epoch\Editor\Console">
      <UniqueIdentifier>{8C7643AD-7805-CD76-2124-E1710D92DD1C}</UniqueIdentifier>
    </Filter>
    <Filter Include="Epoch\ImGui">
      <UniqueIdentifier>{DE96213A-4A4C-9A2F-D340-94063FF59033}</UniqueIdentifier>
    </Filter>
    <Filter Include="Epoch\Physics">
      <UniqueIdentifier>{2662985B-9222-1492-5B5D-5D0FC7DC586E}</UniqueIdentifier>
    </Filter>
    <Filter Include="Epoch\Physics\PhysX">
      <UniqueIdentifier>{D11D8459-3D7F-6167-C6EC-A719324D9826}</UniqueIdentifier>
    </Filter>
    <Filter Include="Epoch\Platform">
      <UniqueIdentifier>{8871A2CA-743F-96D0-5DD3-06F749407235}</UniqueIdentifier>
    </Filter>
    <Filter Include="Epoch\Platform\DirectX11">
      <UniqueIdentifier>{4C9DAB92-38C2-FA12-610D-E0A24D91F930}</UniqueIdentifier>
    </Filter>
    <Filter Include="Epoch\Project">
      <UniqueIdentifier>{FA023272-66C3-ADA8-2FFE-F6259B7DF284}</UniqueIdentifier>
    </Filter>
    <Filter Include="Epoch\Rendering">
      <UniqueIdentifier>{01A56E55-6D30-DC19-7641-5F0EE24B381A}</UniqueIdentifier>
    </Filter>
    <Filter Include="Epoch\Scene">
      <UniqueIdentifier>{D18ED13A-3D44-4A30-C638-440732ED4034}</UniqueIdentifier>
    </Filter>
    <Filter Include="Epoch\Script">
      <UniqueIdentifier>{78760A95-64D9-9939-0D5F-D2EFF9A065BC}</UniqueIdentifier>
    </Filter>
    <Filter Include="Epoch\Utils">
      <UniqueIdentifier>{1423FF3A-80D8-7730-09CD-710775816E34}</UniqueIdentifier>
    </Filter>
  </ItemGroup>
  <ItemGroup>
    <ClInclude Include="src\Epoch\Animation\Animation.h">
      <Filter>Epoch\Animation</Filter>
    </ClInclude>
    <ClInclude Include="src\Epoch\Animation\Skeleton.h">
      <Filter>Epoch\Animation</Filter>
    </ClInclude>
    <ClInclude Include="src\Epoch\Assets\Asset.h">
      <Filter>Epoch\Assets</Filter>
    </ClInclude>
    <ClInclude Include="src\Epoch\Assets\AssetExtensions.h">
      <Filter>Epoch\Assets</Filter>
    </ClInclude>
    <ClInclude Include="src\Epoch\Assets\AssetImporter.h">
      <Filter>Epoch\Assets</Filter>
    </ClInclude>
    <ClInclude Include="src\Epoch\Assets\AssetManager.h">
      <Filter>Epoch\Assets</Filter>
    </ClInclude>
    <ClInclude Include="src\Epoch\Assets\AssetManager\AssetManagerBase.h">
      <Filter>Epoch\Assets\AssetManager</Filter>
    </ClInclude>
    <ClInclude Include="src\Epoch\Assets\AssetManager\EditorAssetManager.h">
      <Filter>Epoch\Assets\AssetManager</Filter>
    </ClInclude>
    <ClInclude Include="src\Epoch\Assets\AssetMetadata.h">
      <Filter>Epoch\Assets</Filter>
    </ClInclude>
    <ClInclude Include="src\Epoch\Assets\AssetRegistry.h">
      <Filter>Epoch\Assets</Filter>
    </ClInclude>
    <ClInclude Include="src\Epoch\Assets\AssetSerializer\AssetSerializer.h">
      <Filter>Epoch\Assets\AssetSerializer</Filter>
    </ClInclude>
    <ClInclude Include="src\Epoch\Assets\AssetTypes.h">
      <Filter>Epoch\Assets</Filter>
    </ClInclude>
    <ClInclude Include="src\Epoch\Assets\AssimpMeshImporter.h">
      <Filter>Epoch\Assets</Filter>
    </ClInclude>
    <ClInclude Include="src\Epoch\Assets\TextureImporter.h">
      <Filter>Epoch\Assets</Filter>
    </ClInclude>
    <ClInclude Include="src\Epoch\Core\Application.h">
      <Filter>Epoch\Core</Filter>
    </ClInclude>
    <ClInclude Include="src\Epoch\Core\Base.h">
      <Filter>Epoch\Core</Filter>
    </ClInclude>
    <ClInclude Include="src\Epoch\Core\Buffer.h">
      <Filter>Epoch\Core</Filter>
    </ClInclude>
    <ClInclude Include="src\Epoch\Core\EntryPoint.h">
      <Filter>Epoch\Core</Filter>
    </ClInclude>
    <ClInclude Include="src\Epoch\Core\GraphicsEngine.h">
      <Filter>Epoch\Core</Filter>
    </ClInclude>
    <ClInclude Include="src\Epoch\Core\Hash.h">
      <Filter>Epoch\Core</Filter>
    </ClInclude>
    <ClInclude Include="src\Epoch\Core\Input.h">
      <Filter>Epoch\Core</Filter>
    </ClInclude>
    <ClInclude Include="src\Epoch\Core\JobSystem.h">
      <Filter>Epoch\Core</Filter>
    </ClInclude>
    <ClInclude Include="src\Epoch\Core\KeyCodes.h">
      <Filter>Epoch\Core</Filter>
    </ClInclude>
    <ClInclude Include="src\Epoch\Core\Layer.h">
      <Filter>Epoch\Core</Filter>
    </ClInclude>
    <ClInclude Include="src\Epoch\Core\LayerStack.h">
      <Filter>Epoch\Core</Filter>
    </ClInclude>
    <ClInclude Include="src\Epoch\Core\UUID.h">
      <Filter>Epoch\Core</Filter>
    </ClInclude>
    <ClInclude Include="src\Epoch\Core\Window.h">
      <Filter>Epoch\Core</Filter>
    </ClInclude>
    <ClInclude Include="src\Epoch\Debug\Assert.h">
      <Filter>Epoch\Debug</Filter>
    </ClInclude>
    <ClInclude Include="src\Epoch\Debug\Instrumentor.h">
      <Filter>Epoch\Debug</Filter>
    </ClInclude>
    <ClInclude Include="src\Epoch\Debug\Log.h">
      <Filter>Epoch\Debug</Filter>
    </ClInclude>
    <ClInclude Include="src\Epoch\Debug\Timer.h">
      <Filter>Epoch\Debug</Filter>
    </ClInclude>
    <ClInclude Include="src\Epoch\Editor\Console\ConsoleMessage.h">
      <Filter>Epoch\Editor\Console</Filter>
    </ClInclude>
    <ClInclude Include="src\Epoch\Editor\Console\EditorConsolePanel.h">
      <Filter>Epoch\Editor\Console</Filter>
    </ClInclude>
    <ClInclude Include="src\Epoch\Editor\Console\EditorConsoleSink.h">
      <Filter>Epoch\Editor\Console</Filter>
    </ClInclude>
    <ClInclude Include="src\Epoch\Editor\EditorCamera.h">
      <Filter>Epoch\Editor</Filter>
    </ClInclude>
    <ClInclude Include="src\Epoch\Editor\EditorPanel.h">
      <Filter>Epoch\Editor</Filter>
    </ClInclude>
    <ClInclude Include="src\Epoch\Editor\EditorSettings.h">
      <Filter>Epoch\Editor</Filter>
    </ClInclude>
    <ClInclude Include="src\Epoch\Editor\FontAwesome.h">
      <Filter>Epoch\Editor</Filter>
    </ClInclude>
    <ClInclude Include="src\Epoch\Editor\GradientEditor.h">
      <Filter>Epoch\Editor</Filter>
    </ClInclude>
    <ClInclude Include="src\Epoch\Editor\SelectionManager.h">
      <Filter>Epoch\Editor</Filter>
    </ClInclude>
    <ClInclude Include="src\Epoch\ImGui\Colors.h">
      <Filter>Epoch\ImGui</Filter>
    </ClInclude>
    <ClInclude Include="src\Epoch\ImGui\ImGui.h">
      <Filter>Epoch\ImGui</Filter>
    </ClInclude>
    <ClInclude Include="src\Epoch\ImGui\ImGuiFonts.h">
      <Filter>Epoch\ImGui</Filter>
    </ClInclude>
    <ClInclude Include="src\Epoch\ImGui\ImGuiLayer.h">
      <Filter>Epoch\ImGui</Filter>
    </ClInclude>
    <ClInclude Include="src\Epoch\ImGui\ImGuiUtilities.h">
      <Filter>Epoch\ImGui</Filter>
    </ClInclude>
    <ClInclude Include="src\Epoch\ImGui\ImGuiWidgets.h">
      <Filter>Epoch\ImGui</Filter>
    </ClInclude>
    <ClInclude Include="src\Epoch\ImGui\ImGuizmo.h">
      <Filter>Epoch\ImGui</Filter>
    </ClInclude>
    <ClInclude Include="src\Epoch\ImGui\UICore.h">
      <Filter>Epoch\ImGui</Filter>
    </ClInclude>
    <ClInclude Include="src\Epoch\Physics\CharacterController.h">
      <Filter>Epoch\Physics</Filter>
    </ClInclude>
    <ClInclude Include="src\Epoch\Physics\PhysX\PhysXAPI.h">
      <Filter>Epoch\Physics\PhysX</Filter>
    </ClInclude>
    <ClInclude Include="src\Epoch\Physics\PhysX\PhysXBody.h">
      <Filter>Epoch\Physics\PhysX</Filter>
    </ClInclude>
    <ClInclude Include="src\Epoch\Physics\PhysX\PhysXCharacterController.h">
      <Filter>Epoch\Physics\PhysX</Filter>
    </ClInclude>
    <ClInclude Include="src\Epoch\Physics\PhysX\PhysXEventCallback.h">
      <Filter>Epoch\Physics\PhysX</Filter>
    </ClInclude>
    <ClInclude Include="src\Epoch\Physics\PhysX\PhysXFilterShader.h">
      <Filter>Epoch\Physics\PhysX</Filter>
    </ClInclude>
    <ClInclude Include="src\Epoch\Physics\PhysX\PhysXScene.h">
      <Filter>Epoch\Physics\PhysX</Filter>
    </ClInclude>
    <ClInclude Include="src\Epoch\Physics\PhysX\PhysXShape.h">
      <Filter>Epoch\Physics\PhysX</Filter>
    </ClInclude>
    <ClInclude Include="src\Epoch\Physics\PhysX\PhysXUtils.h">
      <Filter>Epoch\Physics\PhysX</Filter>
    </ClInclude>
    <ClInclude Include="src\Epoch\Physics\PhysicsAPI.h">
      <Filter>Epoch\Physics</Filter>
    </ClInclude>
    <ClInclude Include="src\Epoch\Physics\PhysicsBody.h">
      <Filter>Epoch\Physics</Filter>
    </ClInclude>
    <ClInclude Include="src\Epoch\Physics\PhysicsEventCallback.h">
      <Filter>Epoch\Physics</Filter>
    </ClInclude>
    <ClInclude Include="src\Epoch\Physics\PhysicsLayer.h">
      <Filter>Epoch\Physics</Filter>
    </ClInclude>
    <ClInclude Include="src\Epoch\Physics\PhysicsScene.h">
      <Filter>Epoch\Physics</Filter>
    </ClInclude>
    <ClInclude Include="src\Epoch\Physics\PhysicsSettings.h">
      <Filter>Epoch\Physics</Filter>
    </ClInclude>
    <ClInclude Include="src\Epoch\Physics\PhysicsShapes.h">
      <Filter>Epoch\Physics</Filter>
    </ClInclude>
    <ClInclude Include="src\Epoch\Physics\PhysicsSystem.h">
      <Filter>Epoch\Physics</Filter>
    </ClInclude>
    <ClInclude Include="src\Epoch\Physics\PhysicsTypes.h">
      <Filter>Epoch\Physics</Filter>
    </ClInclude>
    <ClInclude Include="src\Epoch\Physics\SceneQueries.h">
      <Filter>Epoch\Physics</Filter>
    </ClInclude>
    <ClInclude Include="src\Epoch\Platform\DirectX11\DX11ComputePipeline.h">
      <Filter>Epoch\Platform\DirectX11</Filter>
    </ClInclude>
    <ClInclude Include="src\Epoch\Platform\DirectX11\DX11ConstantBuffer.h">
      <Filter>Epoch\Platform\DirectX11</Filter>
    </ClInclude>
    <ClInclude Include="src\Epoch\Platform\DirectX11\DX11Framebuffer.h">
      <Filter>Epoch\Platform\DirectX11</Filter>
    </ClInclude>
    <ClInclude Include="src\Epoch\Platform\DirectX11\DX11IndexBuffer.h">
      <Filter>Epoch\Platform\DirectX11</Filter>
    </ClInclude>
    <ClInclude Include="src\Epoch\Platform\DirectX11\DX11RenderPipeline.h">
      <Filter>Epoch\Platform\DirectX11</Filter>
    </ClInclude>
    <ClInclude Include="src\Epoch\Platform\DirectX11\DX11Renderer.h">
      <Filter>Epoch\Platform\DirectX11</Filter>
    </ClInclude>
    <ClInclude Include="src\Epoch\Platform\DirectX11\DX11Shader.h">
      <Filter>Epoch\Platform\DirectX11</Filter>
    </ClInclude>
    <ClInclude Include="src\Epoch\Platform\DirectX11\DX11ShaderCompiler.h">
      <Filter>Epoch\Platform\DirectX11</Filter>
    </ClInclude>
    <ClInclude Include="src\Epoch\Platform\DirectX11\DX11Texture.h">
      <Filter>Epoch\Platform\DirectX11</Filter>
    </ClInclude>
    <ClInclude Include="src\Epoch\Platform\DirectX11\DX11VertexBuffer.h">
      <Filter>Epoch\Platform\DirectX11</Filter>
    </ClInclude>
    <ClInclude Include="src\Epoch\Project\Project.h">
      <Filter>Epoch\Project</Filter>
    </ClInclude>
    <ClInclude Include="src\Epoch\Project\ProjectSerializer.h">
      <Filter>Epoch\Project</Filter>
    </ClInclude>
    <ClInclude Include="src\Epoch\Project\RuntimeBuilder.h">
      <Filter>Epoch\Project</Filter>
    </ClInclude>
    <ClInclude Include="src\Epoch\Rendering\Camera.h">
      <Filter>Epoch\Rendering</Filter>
    </ClInclude>
    <ClInclude Include="src\Epoch\Rendering\ComputePipeline.h">
      <Filter>Epoch\Rendering</Filter>
    </ClInclude>
    <ClInclude Include="src\Epoch\Rendering\ConstantBuffer.h">
      <Filter>Epoch\Rendering</Filter>
    </ClInclude>
    <ClInclude Include="src\Epoch\Rendering\DebugRenderer.h">
      <Filter>Epoch\Rendering</Filter>
    </ClInclude>
    <ClInclude Include="src\Epoch\Rendering\Environment.h">
      <Filter>Epoch\Rendering</Filter>
    </ClInclude>
    <ClInclude Include="src\Epoch\Rendering\Font.h">
      <Filter>Epoch\Rendering</Filter>
    </ClInclude>
    <ClInclude Include="src\Epoch\Rendering\Framebuffer.h">
      <Filter>Epoch\Rendering</Filter>
    </ClInclude>
    <ClInclude Include="src\Epoch\Rendering\IndexBuffer.h">
      <Filter>Epoch\Rendering</Filter>
    </ClInclude>
    <ClInclude Include="src\Epoch\Rendering\MSDFData.h">
      <Filter>Epoch\Rendering</Filter>
    </ClInclude>
    <ClInclude Include="src\Epoch\Rendering\Material.h">
      <Filter>Epoch\Rendering</Filter>
    </ClInclude>
    <ClInclude Include="src\Epoch\Rendering\Mesh.h">
      <Filter>Epoch\Rendering</Filter>
    </ClInclude>
    <ClInclude Include="src\Epoch\Rendering\MeshFactory.h">
      <Filter>Epoch\Rendering</Filter>
    </ClInclude>
    <ClInclude Include="src\Epoch\Rendering\ParticleSystemModules.h">
      <Filter>Epoch\Rendering</Filter>
    </ClInclude>
    <ClInclude Include="src\Epoch\Rendering\PostProcessingVolumeOverrides.h">
      <Filter>Epoch\Rendering</Filter>
    </ClInclude>
    <ClInclude Include="src\Epoch\Rendering\RHI.h">
      <Filter>Epoch\Rendering</Filter>
    </ClInclude>
    <ClInclude Include="src\Epoch\Rendering\RenderPipeline.h">
      <Filter>Epoch\Rendering</Filter>
    </ClInclude>
    <ClInclude Include="src\Epoch\Rendering\Renderer.h">
      <Filter>Epoch\Rendering</Filter>
    </ClInclude>
    <ClInclude Include="src\Epoch\Rendering\RendererAPI.h">
      <Filter>Epoch\Rendering</Filter>
    </ClInclude>
    <ClInclude Include="src\Epoch\Rendering\Shader.h">
      <Filter>Epoch\Rendering</Filter>
    </ClInclude>
    <ClInclude Include="src\Epoch\Rendering\Texture.h">
      <Filter>Epoch\Rendering</Filter>
    </ClInclude>
    <ClInclude Include="src\Epoch\Rendering\VertexBuffer.h">
      <Filter>Epoch\Rendering</Filter>
    </ClInclude>
    <ClInclude Include="src\Epoch\Scene\Components.h">
      <Filter>Epoch\Scene</Filter>
    </ClInclude>
    <ClInclude Include="src\Epoch\Scene\Entity.h">
      <Filter>Epoch\Scene</Filter>
    </ClInclude>
    <ClInclude Include="src\Epoch\Scene\EntityTemplates.h">
      <Filter>Epoch\Scene</Filter>
    </ClInclude>
    <ClInclude Include="src\Epoch\Scene\Prefab.h">
      <Filter>Epoch\Scene</Filter>
    </ClInclude>
    <ClInclude Include="src\Epoch\Scene\Scene.h">
      <Filter>Epoch\Scene</Filter>
    </ClInclude>
    <ClInclude Include="src\Epoch\Scene\SceneCamera.h">
      <Filter>Epoch\Scene</Filter>
    </ClInclude>
    <ClInclude Include="src\Epoch\Scene\SceneInfo.h">
      <Filter>Epoch\Scene</Filter>
    </ClInclude>
    <ClInclude Include="src\Epoch\Scene\SceneManager.h">
      <Filter>Epoch\Scene</Filter>
    </ClInclude>
    <ClInclude Include="src\Epoch\Scene\SceneRenderer.h">
      <Filter>Epoch\Scene</Filter>
    </ClInclude>
    <ClInclude Include="src\Epoch\Scene\SceneSerializer.h">
      <Filter>Epoch\Scene</Filter>
    </ClInclude>
    <ClInclude Include="src\Epoch\Script\CSharpInstanceInspector.h">
      <Filter>Epoch\Script</Filter>
    </ClInclude>
    <ClInclude Include="src\Epoch\Script\FieldStorage.h">
      <Filter>Epoch\Script</Filter>
    </ClInclude>
    <ClInclude Include="src\Epoch\Script\GCManager.h">
      <Filter>Epoch\Script</Filter>
    </ClInclude>
    <ClInclude Include="src\Epoch\Script\ScriptAsset.h">
      <Filter>Epoch\Script</Filter>
    </ClInclude>
    <ClInclude Include="src\Epoch\Script\ScriptBuilder.h">
      <Filter>Epoch\Script</Filter>
    </ClInclude>
    <ClInclude Include="src\Epoch\Script\ScriptCache.h">
      <Filter>Epoch\Script</Filter>
    </ClInclude>
    <ClInclude Include="src\Epoch\Script\ScriptEngine.h">
      <Filter>Epoch\Script</Filter>
    </ClInclude>
    <ClInclude Include="src\Epoch\Script\ScriptEngineConfig.h">
      <Filter>Epoch\Script</Filter>
    </ClInclude>
    <ClInclude Include="src\Epoch\Script\ScriptGlue.h">
      <Filter>Epoch\Script</Filter>
    </ClInclude>
    <ClInclude Include="src\Epoch\Script\ScriptTypes.h">
      <Filter>Epoch\Script</Filter>
    </ClInclude>
    <ClInclude Include="src\Epoch\Script\ScriptUtils.h">
      <Filter>Epoch\Script</Filter>
    </ClInclude>
    <ClInclude Include="src\Epoch\Script\ValueWrapper.h">
      <Filter>Epoch\Script</Filter>
    </ClInclude>
    <ClInclude Include="src\Epoch\Utils\AssimpLogStream.h">
      <Filter>Epoch\Utils</Filter>
    </ClInclude>
    <ClInclude Include="src\Epoch\Utils\ContainerUtils.h">
      <Filter>Epoch\Utils</Filter>
    </ClInclude>
    <ClInclude Include="src\Epoch\Utils\FileSystem.h">
      <Filter>Epoch\Utils</Filter>
    </ClInclude>
    <ClInclude Include="src\Epoch\Utils\TypeInfo.h">
      <Filter>Epoch\Utils</Filter>
    </ClInclude>
    <ClInclude Include="src\Epoch\Utils\YAMLSerializationHelpers.h">
      <Filter>Epoch\Utils</Filter>
    </ClInclude>
    <ClInclude Include="src\epch.h" />
  </ItemGroup>
  <ItemGroup>
    <ClCompile Include="src\Epoch\Animation\Skeleton.cpp">
      <Filter>Epoch\Animation</Filter>
    </ClCompile>
    <ClCompile Include="src\Epoch\Assets\AssetImporter.cpp">
      <Filter>Epoch\Assets</Filter>
    </ClCompile>
    <ClCompile Include="src\Epoch\Assets\AssetManager\EditorAssetManager.cpp">
      <Filter>Epoch\Assets\AssetManager</Filter>
    </ClCompile>
    <ClCompile Include="src\Epoch\Assets\AssetRegistry.cpp">
      <Filter>Epoch\Assets</Filter>
    </ClCompile>
    <ClCompile Include="src\Epoch\Assets\AssetSerializer\AssetSerializer.cpp">
      <Filter>Epoch\Assets\AssetSerializer</Filter>
    </ClCompile>
    <ClCompile Include="src\Epoch\Assets\AssimpMeshImporter.cpp">
      <Filter>Epoch\Assets</Filter>
    </ClCompile>
    <ClCompile Include="src\Epoch\Assets\TextureImporter.cpp">
      <Filter>Epoch\Assets</Filter>
    </ClCompile>
    <ClCompile Include="src\Epoch\Core\Application.cpp">
      <Filter>Epoch\Core</Filter>
    </ClCompile>
    <ClCompile Include="src\Epoch\Core\Base.cpp">
      <Filter>Epoch\Core</Filter>
    </ClCompile>
    <ClCompile Include="src\Epoch\Core\GraphicsEngine.cpp">
      <Filter>Epoch\Core</Filter>
    </ClCompile>
    <ClCompile Include="src\Epoch\Core\Input.cpp">
      <Filter>Epoch\Core</Filter>
    </ClCompile>
    <ClCompile Include="src\Epoch\Core\Layer.cpp">
      <Filter>Epoch\Core</Filter>
    </ClCompile>
    <ClCompile Include="src\Epoch\Core\LayerStack.cpp">
      <Filter>Epoch\Core</Filter>
    </ClCompile>
    <ClCompile Include="src\Epoch\Core\UUID.cpp">
      <Filter>Epoch\Core</Filter>
    </ClCompile>
    <ClCompile Include="src\Epoch\Core\Window.cpp">
      <Filter>Epoch\Core</Filter>
    </ClCompile>
    <ClCompile Include="src\Epoch\Debug\Log.cpp">
      <Filter>Epoch\Debug</Filter>
    </ClCompile>
    <ClCompile Include="src\Epoch\Editor\Console\EditorConsolePanel.cpp">
      <Filter>Epoch\Editor\Console</Filter>
    </ClCompile>
    <ClCompile Include="src\Epoch\Editor\EditorCamera.cpp">
      <Filter>Epoch\Editor</Filter>
    </ClCompile>
    <ClCompile Include="src\Epoch\Editor\EditorSettings.cpp">
      <Filter>Epoch\Editor</Filter>
    </ClCompile>
    <ClCompile Include="src\Epoch\Editor\GradientEditor.cpp">
      <Filter>Epoch\Editor</Filter>
    </ClCompile>
    <ClCompile Include="src\Epoch\Editor\SelectionManager.cpp">
      <Filter>Epoch\Editor</Filter>
    </ClCompile>
    <ClCompile Include="src\Epoch\ImGui\ImGui.cpp">
      <Filter>Epoch\ImGui</Filter>
    </ClCompile>
    <ClCompile Include="src\Epoch\ImGui\ImGuiFonts.cpp">
      <Filter>Epoch\ImGui</Filter>
    </ClCompile>
    <ClCompile Include="src\Epoch\ImGui\ImGuiLayer.cpp">
      <Filter>Epoch\ImGui</Filter>
    </ClCompile>
    <ClCompile Include="src\Epoch\ImGui\ImGuiWidgets.cpp">
      <Filter>Epoch\ImGui</Filter>
    </ClCompile>
    <ClCompile Include="src\Epoch\ImGui\UICore.cpp">
      <Filter>Epoch\ImGui</Filter>
    </ClCompile>
    <ClCompile Include="src\Epoch\Physics\CharacterController.cpp">
      <Filter>Epoch\Physics</Filter>
    </ClCompile>
    <ClCompile Include="src\Epoch\Physics\PhysX\PhysXAPI.cpp">
      <Filter>Epoch\Physics\PhysX</Filter>
    </ClCompile>
    <ClCompile Include="src\Epoch\Physics\PhysX\PhysXBody.cpp">
      <Filter>Epoch\Physics\PhysX</Filter>
    </ClCompile>
    <ClCompile Include="src\Epoch\Physics\PhysX\PhysXCharacterController.cpp">
      <Filter>Epoch\Physics\PhysX</Filter>
    </ClCompile>
    <ClCompile Include="src\Epoch\Physics\PhysX\PhysXEventCallback.cpp">
      <Filter>Epoch\Physics\PhysX</Filter>
    </ClCompile>
    <ClCompile Include="src\Epoch\Physics\PhysX\PhysXScene.cpp">
      <Filter>Epoch\Physics\PhysX</Filter>
    </ClCompile>
    <ClCompile Include="src\Epoch\Physics\PhysX\PhysXShape.cpp">
      <Filter>Epoch\Physics\PhysX</Filter>
    </ClCompile>
    <ClCompile Include="src\Epoch\Physics\PhysX\PhysXUtils.cpp">
      <Filter>Epoch\Physics\PhysX</Filter>
    </ClCompile>
    <ClCompile Include="src\Epoch\Physics\PhysicsBody.cpp">
      <Filter>Epoch\Physics</Filter>
    </ClCompile>
    <ClCompile Include="src\Epoch\Physics\PhysicsLayer.cpp">
      <Filter>Epoch\Physics</Filter>
    </ClCompile>
    <ClCompile Include="src\Epoch\Physics\PhysicsScene.cpp">
      <Filter>Epoch\Physics</Filter>
    </ClCompile>
    <ClCompile Include="src\Epoch\Physics\PhysicsShapes.cpp">
      <Filter>Epoch\Physics</Filter>
    </ClCompile>
    <ClCompile Include="src\Epoch\Physics\PhysicsSystem.cpp">
      <Filter>Epoch\Physics</Filter>
    </ClCompile>
    <ClCompile Include="src\Epoch\Platform\DirectX11\DX11ComputePipeline.cpp">
      <Filter>Epoch\Platform\DirectX11</Filter>
    </ClCompile>
    <ClCompile Include="src\Epoch\Platform\DirectX11\DX11ConstantBuffer.cpp">
      <Filter>Epoch\Platform\DirectX11</Filter>
    </ClCompile>
    <ClCompile Include="src\Epoch\Platform\DirectX11\DX11Framebuffer.cpp">
      <Filter>Epoch\Platform\DirectX11</Filter>
    </ClCompile>
    <ClCompile Include="src\Epoch\Platform\DirectX11\DX11IndexBuffer.cpp">
      <Filter>Epoch\Platform\DirectX11</Filter>
    </ClCompile>
    <ClCompile Include="src\Epoch\Platform\DirectX11\DX11RenderPipeline.cpp">
      <Filter>Epoch\Platform\DirectX11</Filter>
    </ClCompile>
    <ClCompile Include="src\Epoch\Platform\DirectX11\DX11Renderer.cpp">
      <Filter>Epoch\Platform\DirectX11</Filter>
    </ClCompile>
    <ClCompile Include="src\Epoch\Platform\DirectX11\DX11Shader.cpp">
      <Filter>Epoch\Platform\DirectX11</Filter>
    </ClCompile>
    <ClCompile Include="src\Epoch\Platform\DirectX11\DX11ShaderCompiler.cpp">
      <Filter>Epoch\Platform\DirectX11</Filter>
    </ClCompile>
    <ClCompile Include="src\Epoch\Platform\DirectX11\DX11Texture.cpp">
      <Filter>Epoch\Platform\DirectX11</Filter>
    </ClCompile>
    <ClCompile Include="src\Epoch\Platform\DirectX11\DX11VertexBuffer.cpp">
      <Filter>Epoch\Platform\DirectX11</Filter>
    </ClCompile>
    <ClCompile Include="src\Epoch\Project\Project.cpp">
      <Filter>Epoch\Project</Filter>
    </ClCompile>
    <ClCompile Include="src\Epoch\Project\ProjectSerializer.cpp">
      <Filter>Epoch\Project</Filter>
    </ClCompile>
    <ClCompile Include="src\Epoch\Project\RuntimeBuilder.cpp">
      <Filter>Epoch\Project</Filter>
    </ClCompile>
    <ClCompile Include="src\Epoch\Rendering\ComputePipeline.cpp">
      <Filter>Epoch\Rendering</Filter>
    </ClCompile>
    <ClCompile Include="src\Epoch\Rendering\ConstantBuffer.cpp">
      <Filter>Epoch\Rendering</Filter>
    </ClCompile>
    <ClCompile Include="src\Epoch\Rendering\DebugRenderer.cpp">
      <Filter>Epoch\Rendering</Filter>
    </ClCompile>
    <ClCompile Include="src\Epoch\Rendering\Font.cpp">
      <Filter>Epoch\Rendering</Filter>
    </ClCompile>
    <ClCompile Include="src\Epoch\Rendering\Framebuffer.cpp">
      <Filter>Epoch\Rendering</Filter>
    </ClCompile>
    <ClCompile Include="src\Epoch\Rendering\IndexBuffer.cpp">
      <Filter>Epoch\Rendering</Filter>
    </ClCompile>
    <ClCompile Include="src\Epoch\Rendering\Material.cpp">
      <Filter>Epoch\Rendering</Filter>
    </ClCompile>
    <ClCompile Include="src\Epoch\Rendering\Mesh.cpp">
      <Filter>Epoch\Rendering</Filter>
    </ClCompile>
    <ClCompile Include="src\Epoch\Rendering\MeshFactory.cpp">
      <Filter>Epoch\Rendering</Filter>
    </ClCompile>
    <ClCompile Include="src\Epoch\Rendering\RHI.cpp">
      <Filter>Epoch\Rendering</Filter>
    </ClCompile>
    <ClCompile Include="src\Epoch\Rendering\RenderPipeline.cpp">
      <Filter>Epoch\Rendering</Filter>
    </ClCompile>
    <ClCompile Include="src\Epoch\Rendering\Renderer.cpp">
      <Filter>Epoch\Rendering</Filter>
    </ClCompile>
    <ClCompile Include="src\Epoch\Rendering\RendererAPI.cpp">
      <Filter>Epoch\Rendering</Filter>
    </ClCompile>
    <ClCompile Include="src\Epoch\Rendering\Shader.cpp">
      <Filter>Epoch\Rendering</Filter>
    </ClCompile>
    <ClCompile Include="src\Epoch\Rendering\Texture.cpp">
      <Filter>Epoch\Rendering</Filter>
    </ClCompile>
    <ClCompile Include="src\Epoch\Rendering\VertexBuffer.cpp">
      <Filter>Epoch\Rendering</Filter>
    </ClCompile>
    <ClCompile Include="src\Epoch\Scene\Entity.cpp">
      <Filter>Epoch\Scene</Filter>
    </ClCompile>
    <ClCompile Include="src\Epoch\Scene\Prefab.cpp">
      <Filter>Epoch\Scene</Filter>
    </ClCompile>
    <ClCompile Include="src\Epoch\Scene\Scene.cpp">
      <Filter>Epoch\Scene</Filter>
    </ClCompile>
    <ClCompile Include="src\Epoch\Scene\SceneCamera.cpp">
      <Filter>Epoch\Scene</Filter>
    </ClCompile>
    <ClCompile Include="src\Epoch\Scene\SceneRenderer.cpp">
      <Filter>Epoch\Scene</Filter>
    </ClCompile>
    <ClCompile Include="src\Epoch\Scene\SceneSerializer.cpp">
      <Filter>Epoch\Scene</Filter>
    </ClCompile>
    <ClCompile Include="src\Epoch\Script\CSharpInstanceInspector.cpp">
      <Filter>Epoch\Script</Filter>
    </ClCompile>
    <ClCompile Include="src\Epoch\Script\FieldStorage.cpp">
      <Filter>Epoch\Script</Filter>
    </ClCompile>
    <ClCompile Include="src\Epoch\Script\GCManager.cpp">
      <Filter>Epoch\Script</Filter>
    </ClCompile>
    <ClCompile Include="src\Epoch\Script\ScriptBuilder.cpp">
      <Filter>Epoch\Script</Filter>
    </ClCompile>
    <ClCompile Include="src\Epoch\Script\ScriptCache.cpp">
      <Filter>Epoch\Script</Filter>
    </ClCompile>
    <ClCompile Include="src\Epoch\Script\ScriptEngine.cpp">
      <Filter>Epoch\Script</Filter>
    </ClCompile>
    <ClCompile Include="src\Epoch\Script\ScriptGlue.cpp">
      <Filter>Epoch\Script</Filter>
    </ClCompile>
    <ClCompile Include="src\Epoch\Script\ScriptTypes.cpp">
      <Filter>Epoch\Script</Filter>
    </ClCompile>
    <ClCompile Include="src\Epoch\Script\ScriptUtils.cpp">
      <Filter>Epoch\Script</Filter>
    </ClCompile>
    <ClCompile Include="src\Epoch\Utils\FileSystem.cpp">
      <Filter>Epoch\Utils</Filter>
    </ClCompile>
    <ClCompile Include="src\epch.cpp" />
  </ItemGroup>
</Project>