<?xml version="1.0" encoding="utf-8"?>
<Project ToolsVersion="4.0" xmlns="http://schemas.microsoft.com/developer/msbuild/2003">
  <ItemGroup>
    <Filter Include="Panels">
      <UniqueIdentifier>{A80D95C9-94AF-BF9F-7D6A-D3F369AB46F0}</UniqueIdentifier>
    </Filter>
  </ItemGroup>
  <ItemGroup>
    <ClInclude Include="src\Aeon\EditorLayer.h" />
    <ClInclude Include="src\Aeon\EditorResources.h" />
    <ClInclude Include="src\Aeon\PanelManager.h" />
    <ClInclude Include="src\Aeon\Panels\AssetManagerPanel.h">
      <Filter>Panels</Filter>
    </ClInclude>
    <ClInclude Include="src\Aeon\Panels\ContentBrowserPanel.h">
      <Filter>Panels</Filter>
    </ClInclude>
    <ClInclude Include="src\Aeon\Panels\InspectorPanel.h">
      <Filter>Panels</Filter>
    </ClInclude>
    <ClInclude Include="src\Aeon\Panels\PagePanel.h">
      <Filter>Panels</Filter>
    </ClInclude>
    <ClInclude Include="src\Aeon\Panels\PreferencesPanel.h">
      <Filter>Panels</Filter>
    </ClInclude>
    <ClInclude Include="src\Aeon\Panels\ProjectSettingsPanel.h">
      <Filter>Panels</Filter>
    </ClInclude>
    <ClInclude Include="src\Aeon\Panels\SceneHierarchyPanel.h">
      <Filter>Panels</Filter>
    </ClInclude>
    <ClInclude Include="src\Aeon\Panels\ScriptEngineDebugPanel.h">
      <Filter>Panels</Filter>
    </ClInclude>
    <ClInclude Include="src\Aeon\Panels\ShaderLibraryPanel.h">
      <Filter>Panels</Filter>
    </ClInclude>
    <ClInclude Include="src\Aeon\Panels\StatisticsPanel.h">
      <Filter>Panels</Filter>
    </ClInclude>
  </ItemGroup>
  <ItemGroup>
    <ClCompile Include="src\Aeon\Aeon.cpp" />
    <ClCompile Include="src\Aeon\EditorLayer.cpp" />
    <ClCompile Include="src\Aeon\PanelManager.cpp" />
    <ClCompile Include="src\Aeon\Panels\AssetManagerPanel.cpp">
      <Filter>Panels</Filter>
    </ClCompile>
    <ClCompile Include="src\Aeon\Panels\ContentBrowserPanel.cpp">
      <Filter>Panels</Filter>
    </ClCompile>
    <ClCompile Include="src\Aeon\Panels\InspectorPanel.cpp">
      <Filter>Panels</Filter>
    </ClCompile>
    <ClCompile Include="src\Aeon\Panels\PagePanel.cpp">
      <Filter>Panels</Filter>
    </ClCompile>
    <ClCompile Include="src\Aeon\Panels\PreferencesPanel.cpp">
      <Filter>Panels</Filter>
    </ClCompile>
    <ClCompile Include="src\Aeon\Panels\ProjectSettingsPanel.cpp">
      <Filter>Panels</Filter>
    </ClCompile>
    <ClCompile Include="src\Aeon\Panels\SceneHierarchyPanel.cpp">
      <Filter>Panels</Filter>
    </ClCompile>
    <ClCompile Include="src\Aeon\Panels\ScriptEngineDebugPanel.cpp">
      <Filter>Panels</Filter>
    </ClCompile>
    <ClCompile Include="src\Aeon\Panels\ShaderLibraryPanel.cpp">
      <Filter>Panels</Filter>
    </ClCompile>
    <ClCompile Include="src\Aeon\Panels\StatisticsPanel.cpp">
      <Filter>Panels</Filter>
    </ClCompile>
  </ItemGroup>
</Project>